
Microsoft Visual Studio Solution File, Format Version 12.00
# Visual Studio 14
VisualStudioVersion = 14.0.24720.0
MinimumVisualStudioVersion = 10.0.40219.1
Project("{FAE04EC0-301F-11D3-BF4B-00C04F79EFBC}") = "VersionChecker", "..\VersionChecker\VersionChecker.csproj", "{4F5F4666-8583-4905-B388-FEDF19B4CC4B}"
EndProject
Project("{2150E333-8FDC-42A3-9474-1A3956D46DE8}") = "Nuget", "Nuget", "{C929D2A8-C119-4925-B543-FB45A90B2CAA}"
	ProjectSection(SolutionItems) = preProject
		..\Nuget\pack.bat = ..\Nuget\pack.bat
		..\Nuget\Package\VersionChecker.nuspec = ..\Nuget\Package\VersionChecker.nuspec
	EndProjectSection
EndProject
Global
	GlobalSection(SolutionConfigurationPlatforms) = preSolution
		Debug|Any CPU = Debug|Any CPU
		Release|Any CPU = Release|Any CPU
	EndGlobalSection
	GlobalSection(ProjectConfigurationPlatforms) = postSolution
		{4F5F4666-8583-4905-B388-FEDF19B4CC4B}.Debug|Any CPU.ActiveCfg = Debug|Any CPU
		{4F5F4666-8583-4905-B388-FEDF19B4CC4B}.Debug|Any CPU.Build.0 = Debug|Any CPU
		{4F5F4666-8583-4905-B388-FEDF19B4CC4B}.Release|Any CPU.ActiveCfg = Release|Any CPU
		{4F5F4666-8583-4905-B388-FEDF19B4CC4B}.Release|Any CPU.Build.0 = Release|Any CPU
	EndGlobalSection
	GlobalSection(SolutionProperties) = preSolution
		HideSolutionNode = FALSE
	EndGlobalSection
EndGlobal
